
Microsoft Visual Studio Solution File, Format Version 12.00
# Visual Studio 2013
VisualStudioVersion = 12.0.31101.0
MinimumVisualStudioVersion = 10.0.40219.1
Project("{FAE04EC0-301F-11D3-BF4B-00C04F79EFBC}") = "Domain", "Domain\Domain.csproj", "{DA3C5991-EF23-4CE2-A865-666CDD98F547}"
EndProject
Project("{FAE04EC0-301F-11D3-BF4B-00C04F79EFBC}") = "Domain.Test", "Domain.Test\Domain.Test.csproj", "{D562EFCF-36FE-49BF-936F-8DCDCE0AF596}"
EndProject
Project("{FAE04EC0-301F-11D3-BF4B-00C04F79EFBC}") = "ConsoleApp", "Console\ConsoleApp.csproj", "{25A65261-C930-41F6-B536-2A306151BE87}"
EndProject
Project("{2150E333-8FDC-42A3-9474-1A3956D46DE8}") = "Solution Items", "Solution Items", "{33A97FCF-21CB-4B29-BE68-F5E09CE88EC6}"
	ProjectSection(SolutionItems) = preProject
		Automated Build and Test.bat = Automated Build and Test.bat
	EndProjectSection
EndProject
Global
	GlobalSection(SolutionConfigurationPlatforms) = preSolution
		Debug|Any CPU = Debug|Any CPU
		Release|Any CPU = Release|Any CPU
	EndGlobalSection
	GlobalSection(ProjectConfigurationPlatforms) = postSolution
		{DA3C5991-EF23-4CE2-A865-666CDD98F547}.Debug|Any CPU.ActiveCfg = Debug|Any CPU
		{DA3C5991-EF23-4CE2-A865-666CDD98F547}.Debug|Any CPU.Build.0 = Debug|Any CPU
		{DA3C5991-EF23-4CE2-A865-666CDD98F547}.Release|Any CPU.ActiveCfg = Release|Any CPU
		{DA3C5991-EF23-4CE2-A865-666CDD98F547}.Release|Any CPU.Build.0 = Release|Any CPU
		{D562EFCF-36FE-49BF-936F-8DCDCE0AF596}.Debug|Any CPU.ActiveCfg = Debug|Any CPU
		{D562EFCF-36FE-49BF-936F-8DCDCE0AF596}.Debug|Any CPU.Build.0 = Debug|Any CPU
		{D562EFCF-36FE-49BF-936F-8DCDCE0AF596}.Release|Any CPU.ActiveCfg = Release|Any CPU
		{D562EFCF-36FE-49BF-936F-8DCDCE0AF596}.Release|Any CPU.Build.0 = Release|Any CPU
		{25A65261-C930-41F6-B536-2A306151BE87}.Debug|Any CPU.ActiveCfg = Debug|Any CPU
		{25A65261-C930-41F6-B536-2A306151BE87}.Debug|Any CPU.Build.0 = Debug|Any CPU
		{25A65261-C930-41F6-B536-2A306151BE87}.Release|Any CPU.ActiveCfg = Release|Any CPU
		{25A65261-C930-41F6-B536-2A306151BE87}.Release|Any CPU.Build.0 = Release|Any CPU
	EndGlobalSection
	GlobalSection(SolutionProperties) = preSolution
		HideSolutionNode = FALSE
	EndGlobalSection
EndGlobal
